// !$*UTF8*$!
{
	archiveVersion = 1;
	classes = {
	};
	objectVersion = 46;
	objects = {

/* Begin PBXBuildFile section */
		1B521F021C1DC67800A35A63 /* AppDelegate.swift in Sources */ = {isa = PBXBuildFile; fileRef = 1B521F011C1DC67800A35A63 /* AppDelegate.swift */; };
		1B521F041C1DC67800A35A63 /* ViewController.swift in Sources */ = {isa = PBXBuildFile; fileRef = 1B521F031C1DC67800A35A63 /* ViewController.swift */; };
		1B521F071C1DC67800A35A63 /* Main.storyboard in Resources */ = {isa = PBXBuildFile; fileRef = 1B521F051C1DC67800A35A63 /* Main.storyboard */; };
		1B521F091C1DC67800A35A63 /* Assets.xcassets in Resources */ = {isa = PBXBuildFile; fileRef = 1B521F081C1DC67800A35A63 /* Assets.xcassets */; };
		1B521F0C1C1DC67800A35A63 /* LaunchScreen.storyboard in Resources */ = {isa = PBXBuildFile; fileRef = 1B521F0A1C1DC67800A35A63 /* LaunchScreen.storyboard */; };
		1B521F151C1DC73E00A35A63 /* Bolts.framework in Frameworks */ = {isa = PBXBuildFile; fileRef = 1B521F141C1DC73E00A35A63 /* Bolts.framework */; };
		1B521F171C1DC75000A35A63 /* Parse.framework in Frameworks */ = {isa = PBXBuildFile; fileRef = 1B521F161C1DC75000A35A63 /* Parse.framework */; };
/* End PBXBuildFile section */

/* Begin PBXFileReference section */
		1B521EFE1C1DC67800A35A63 /* Huellitapp.app */ = {isa = PBXFileReference; explicitFileType = wrapper.application; includeInIndex = 0; path = Huellitapp.app; sourceTree = BUILT_PRODUCTS_DIR; };
		1B521F011C1DC67800A35A63 /* AppDelegate.swift */ = {isa = PBXFileReference; lastKnownFileType = sourcecode.swift; path = AppDelegate.swift; sourceTree = "<group>"; };
		1B521F031C1DC67800A35A63 /* ViewController.swift */ = {isa = PBXFileReference; lastKnownFileType = sourcecode.swift; path = ViewController.swift; sourceTree = "<group>"; };
		1B521F061C1DC67800A35A63 /* Base */ = {isa = PBXFileReference; lastKnownFileType = file.storyboard; name = Base; path = Base.lproj/Main.storyboard; sourceTree = "<group>"; };
		1B521F081C1DC67800A35A63 /* Assets.xcassets */ = {isa = PBXFileReference; lastKnownFileType = folder.assetcatalog; path = Assets.xcassets; sourceTree = "<group>"; };
		1B521F0B1C1DC67800A35A63 /* Base */ = {isa = PBXFileReference; lastKnownFileType = file.storyboard; name = Base; path = Base.lproj/LaunchScreen.storyboard; sourceTree = "<group>"; };
		1B521F0D1C1DC67800A35A63 /* Info.plist */ = {isa = PBXFileReference; lastKnownFileType = text.plist.xml; path = Info.plist; sourceTree = "<group>"; };
		1B521F141C1DC73E00A35A63 /* Bolts.framework */ = {isa = PBXFileReference; lastKnownFileType = wrapper.framework; path = Bolts.framework; sourceTree = "<group>"; };
		1B521F161C1DC75000A35A63 /* Parse.framework */ = {isa = PBXFileReference; lastKnownFileType = wrapper.framework; path = Parse.framework; sourceTree = "<group>"; };
/* End PBXFileReference section */

/* Begin PBXFrameworksBuildPhase section */
		1B521EFB1C1DC67800A35A63 /* Frameworks */ = {
			isa = PBXFrameworksBuildPhase;
			buildActionMask = 2147483647;
			files = (
				1B521F171C1DC75000A35A63 /* Parse.framework in Frameworks */,
				1B521F151C1DC73E00A35A63 /* Bolts.framework in Frameworks */,
			);
			runOnlyForDeploymentPostprocessing = 0;
		};
/* End PBXFrameworksBuildPhase section */

/* Begin PBXGroup section */
		1B521EF51C1DC67800A35A63 = {
			isa = PBXGroup;
			children = (
				1B521F131C1DC71300A35A63 /* Frameworks */,
				1B521F001C1DC67800A35A63 /* Huellitapp */,
				1B521EFF1C1DC67800A35A63 /* Products */,
			);
			sourceTree = "<group>";
		};
		1B521EFF1C1DC67800A35A63 /* Products */ = {
			isa = PBXGroup;
			children = (
				1B521EFE1C1DC67800A35A63 /* Huellitapp.app */,
			);
			name = Products;
			sourceTree = "<group>";
		};
		1B521F001C1DC67800A35A63 /* Huellitapp */ = {
			isa = PBXGroup;
			children = (
				1B521F011C1DC67800A35A63 /* AppDelegate.swift */,
				1B521F031C1DC67800A35A63 /* ViewController.swift */,
				1B521F051C1DC67800A35A63 /* Main.storyboard */,
				1B521F081C1DC67800A35A63 /* Assets.xcassets */,
				1B521F0A1C1DC67800A35A63 /* LaunchScreen.storyboard */,
				1B521F0D1C1DC67800A35A63 /* Info.plist */,
			);
			path = Huellitapp;
			sourceTree = "<group>";
		};
		1B521F131C1DC71300A35A63 /* Frameworks */ = {
			isa = PBXGroup;
			children = (
				1B521F161C1DC75000A35A63 /* Parse.framework */,
				1B521F141C1DC73E00A35A63 /* Bolts.framework */,
			);
			name = Frameworks;
			sourceTree = "<group>";
		};
/* End PBXGroup section */

/* Begin PBXNativeTarget section */
		1B521EFD1C1DC67800A35A63 /* Huellitapp */ = {
			isa = PBXNativeTarget;
			buildConfigurationList = 1B521F101C1DC67800A35A63 /* Build configuration list for PBXNativeTarget "Huellitapp" */;
			buildPhases = (
				1B521EFA1C1DC67800A35A63 /* Sources */,
				1B521EFB1C1DC67800A35A63 /* Frameworks */,
				1B521EFC1C1DC67800A35A63 /* Resources */,
			);
			buildRules = (
			);
			dependencies = (
			);
			name = Huellitapp;
			productName = Huellitapp;
			productReference = 1B521EFE1C1DC67800A35A63 /* Huellitapp.app */;
			productType = "com.apple.product-type.application";
		};
/* End PBXNativeTarget section */

/* Begin PBXProject section */
		1B521EF61C1DC67800A35A63 /* Project object */ = {
			isa = PBXProject;
			attributes = {
				LastSwiftUpdateCheck = 0710;
				LastUpgradeCheck = 0710;
				ORGANIZATIONNAME = Aplimovil;
				TargetAttributes = {
					1B521EFD1C1DC67800A35A63 = {
						CreatedOnToolsVersion = 7.1.1;
					};
				};
			};
			buildConfigurationList = 1B521EF91C1DC67800A35A63 /* Build configuration list for PBXProject "Huellitapp" */;
			compatibilityVersion = "Xcode 3.2";
			developmentRegion = English;
			hasScannedForEncodings = 0;
			knownRegions = (
				en,
				Base,
			);
			mainGroup = 1B521EF51C1DC67800A35A63;
			productRefGroup = 1B521EFF1C1DC67800A35A63 /* Products */;
			projectDirPath = "";
			projectRoot = "";
			targets = (
				1B521EFD1C1DC67800A35A63 /* Huellitapp */,
			);
		};
/* End PBXProject section */

/* Begin PBXResourcesBuildPhase section */
		1B521EFC1C1DC67800A35A63 /* Resources */ = {
			isa = PBXResourcesBuildPhase;
			buildActionMask = 2147483647;
			files = (
				1B521F0C1C1DC67800A35A63 /* LaunchScreen.storyboard in Resources */,
				1B521F091C1DC67800A35A63 /* Assets.xcassets in Resources */,
				1B521F071C1DC67800A35A63 /* Main.storyboard in Resources */,
			);
			runOnlyForDeploymentPostprocessing = 0;
		};
/* End PBXResourcesBuildPhase section */

/* Begin PBXSourcesBuildPhase section */
		1B521EFA1C1DC67800A35A63 /* Sources */ = {
			isa = PBXSourcesBuildPhase;
			buildActionMask = 2147483647;
			files = (
				1B521F041C1DC67800A35A63 /* ViewController.swift in Sources */,
				1B521F021C1DC67800A35A63 /* AppDelegate.swift in Sources */,
			);
			runOnlyForDeploymentPostprocessing = 0;
		};
/* End PBXSourcesBuildPhase section */

/* Begin PBXVariantGroup section */
		1B521F051C1DC67800A35A63 /* Main.storyboard */ = {
			isa = PBXVariantGroup;
			children = (
				1B521F061C1DC67800A35A63 /* Base */,
			);
			name = Main.storyboard;
			sourceTree = "<group>";
		};
		1B521F0A1C1DC67800A35A63 /* LaunchScreen.storyboard */ = {
			isa = PBXVariantGroup;
			children = (
				1B521F0B1C1DC67800A35A63 /* Base */,
			);
			name = LaunchScreen.storyboard;
			sourceTree = "<group>";
		};
/* End PBXVariantGroup section */

/* Begin XCBuildConfiguration section */
		1B521F0E1C1DC67800A35A63 /* Debug */ = {
			isa = XCBuildConfiguration;
			buildSettings = {
				ALWAYS_SEARCH_USER_PATHS = NO;
				CLANG_CXX_LANGUAGE_STANDARD = "gnu++0x";
				CLANG_CXX_LIBRARY = "libc++";
				CLANG_ENABLE_MODULES = YES;
				CLANG_ENABLE_OBJC_ARC = YES;
				CLANG_WARN_BOOL_CONVERSION = YES;
				CLANG_WARN_CONSTANT_CONVERSION = YES;
				CLANG_WARN_DIRECT_OBJC_ISA_USAGE = YES_ERROR;
				CLANG_WARN_EMPTY_BODY = YES;
				CLANG_WARN_ENUM_CONVERSION = YES;
				CLANG_WARN_INT_CONVERSION = YES;
				CLANG_WARN_OBJC_ROOT_CLASS = YES_ERROR;
				CLANG_WARN_UNREACHABLE_CODE = YES;
				CLANG_WARN__DUPLICATE_METHOD_MATCH = YES;
				"CODE_SIGN_IDENTITY[sdk=iphoneos*]" = "iPhone Developer";
				COPY_PHASE_STRIP = NO;
				DEBUG_INFORMATION_FORMAT = dwarf;
				ENABLE_STRICT_OBJC_MSGSEND = YES;
				ENABLE_TESTABILITY = YES;
				GCC_C_LANGUAGE_STANDARD = gnu99;
				GCC_DYNAMIC_NO_PIC = NO;
				GCC_NO_COMMON_BLOCKS = YES;
				GCC_OPTIMIZATION_LEVEL = 0;
				GCC_PREPROCESSOR_DEFINITIONS = (
					"DEBUG=1",
					"$(inherited)",
				);
				GCC_WARN_64_TO_32_BIT_CONVERSION = YES;
				GCC_WARN_ABOUT_RETURN_TYPE = YES_ERROR;
				GCC_WARN_UNDECLARED_SELECTOR = YES;
				GCC_WARN_UNINITIALIZED_AUTOS = YES_AGGRESSIVE;
				GCC_WARN_UNUSED_FUNCTION = YES;
				GCC_WARN_UNUSED_VARIABLE = YES;
				IPHONEOS_DEPLOYMENT_TARGET = 9.1;
				MTL_ENABLE_DEBUG_INFO = YES;
				ONLY_ACTIVE_ARCH = YES;
				SDKROOT = iphoneos;
				SWIFT_OPTIMIZATION_LEVEL = "-Onone";
				TARGETED_DEVICE_FAMILY = "1,2";
			};
			name = Debug;
		};
		1B521F0F1C1DC67800A35A63 /* Release */ = {
			isa = XCBuildConfiguration;
			buildSettings = {
				ALWAYS_SEARCH_USER_PATHS = NO;
				CLANG_CXX_LANGUAGE_STANDARD = "gnu++0x";
				CLANG_CXX_LIBRARY = "libc++";
				CLANG_ENABLE_MODULES = YES;
				CLANG_ENABLE_OBJC_ARC = YES;
				CLANG_WARN_BOOL_CONVERSION = YES;
				CLANG_WARN_CONSTANT_CONVERSION = YES;
				CLANG_WARN_DIRECT_OBJC_ISA_USAGE = YES_ERROR;
				CLANG_WARN_EMPTY_BODY = YES;
				CLANG_WARN_ENUM_CONVERSION = YES;
				CLANG_WARN_INT_CONVERSION = YES;
				CLANG_WARN_OBJC_ROOT_CLASS = YES_ERROR;
				CLANG_WARN_UNREACHABLE_CODE = YES;
				CLANG_WARN__DUPLICATE_METHOD_MATCH = YES;
				"CODE_SIGN_IDENTITY[sdk=iphoneos*]" = "iPhone Developer";
				COPY_PHASE_STRIP = NO;
				DEBUG_INFORMATION_FORMAT = "dwarf-with-dsym";
				ENABLE_NS_ASSERTIONS = NO;
				ENABLE_STRICT_OBJC_MSGSEND = YES;
				GCC_C_LANGUAGE_STANDARD = gnu99;
				GCC_NO_COMMON_BLOCKS = YES;
				GCC_WARN_64_TO_32_BIT_CONVERSION = YES;
				GCC_WARN_ABOUT_RETURN_TYPE = YES_ERROR;
				GCC_WARN_UNDECLARED_SELECTOR = YES;
				GCC_WARN_UNINITIALIZED_AUTOS = YES_AGGRESSIVE;
				GCC_WARN_UNUSED_FUNCTION = YES;
				GCC_WARN_UNUSED_VARIABLE = YES;
				IPHONEOS_DEPLOYMENT_TARGET = 9.1;
				MTL_ENABLE_DEBUG_INFO = NO;
				SDKROOT = iphoneos;
				TARGETED_DEVICE_FAMILY = "1,2";
				VALIDATE_PRODUCT = YES;
			};
			name = Release;
		};
		1B521F111C1DC67800A35A63 /* Debug */ = {
			isa = XCBuildConfiguration;
			buildSettings = {
				ASSETCATALOG_COMPILER_APPICON_NAME = AppIcon;
				FRAMEWORK_SEARCH_PATHS = (
					"$(inherited)",
					"$(PROJECT_DIR)",
				);
				INFOPLIST_FILE = Huellitapp/Info.plist;
				LD_RUNPATH_SEARCH_PATHS = "$(inherited) @executable_path/Frameworks";
				PRODUCT_BUNDLE_IDENTIFIER = unicauca.Huellitapp;
				PRODUCT_NAME = "$(TARGET_NAME)";
			};
			name = Debug;
		};
		1B521F121C1DC67800A35A63 /* Release */ = {
			isa = XCBuildConfiguration;
			buildSettings = {
				ASSETCATALOG_COMPILER_APPICON_NAME = AppIcon;
				FRAMEWORK_SEARCH_PATHS = (
					"$(inherited)",
					"$(PROJECT_DIR)",
				);
				INFOPLIST_FILE = Huellitapp/Info.plist;
				LD_RUNPATH_SEARCH_PATHS = "$(inherited) @executable_path/Frameworks";
				PRODUCT_BUNDLE_IDENTIFIER = unicauca.Huellitapp;
				PRODUCT_NAME = "$(TARGET_NAME)";
			};
			name = Release;
		};
/* End XCBuildConfiguration section */

/* Begin XCConfigurationList section */
		1B521EF91C1DC67800A35A63 /* Build configuration list for PBXProject "Huellitapp" */ = {
			isa = XCConfigurationList;
			buildConfigurations = (
				1B521F0E1C1DC67800A35A63 /* Debug */,
				1B521F0F1C1DC67800A35A63 /* Release */,
			);
			defaultConfigurationIsVisible = 0;
			defaultConfigurationName = Release;
		};
		1B521F101C1DC67800A35A63 /* Build configuration list for PBXNativeTarget "Huellitapp" */ = {
			isa = XCConfigurationList;
			buildConfigurations = (
				1B521F111C1DC67800A35A63 /* Debug */,
				1B521F121C1DC67800A35A63 /* Release */,
			);
			defaultConfigurationIsVisible = 0;
		};
/* End XCConfigurationList section */
	};
	rootObject = 1B521EF61C1DC67800A35A63 /* Project object */;
}
